{
  "nodes": {
    "nixpkgs": {
      "locked": {
        "lastModified": 1712334882,
        "narHash": "sha256-Y4C6uYgFH8FXmBCgDVJDWoS6nBoT0FQrno4stn4HKyY=",
        "owner": "anpin",
        "repo": "nixpkgs",
        "rev": "14b4be739b61db04e1e8fd42f8a987777cc5d01e",
        "type": "github"
      },
      "original": {
        "owner": "anpin",
        "ref": "nuget-private-repo",
        "repo": "nixpkgs",
        "type": "github"
      }
    },
    "root": {
      "inputs": {
        "nixpkgs": "nixpkgs"
      }
    }
  },
  "root": "root",
  "version": 7
}
